
Microsoft Visual Studio Solution File, Format Version 12.00
# Visual Studio Version 17
VisualStudioVersion = 17.9.34714.143
MinimumVisualStudioVersion = 10.0.40219.1
Project("{FAE04EC0-301F-11D3-BF4B-00C04F79EFBC}") = "UnitTestProject", "UnitTestProject\UnitTestProject.csproj", "{90C62320-49B9-421C-9BB7-F0B11D483DBD}"
EndProject
Global
	GlobalSection(SolutionConfigurationPlatforms) = preSolution
		Debug|Any CPU = Debug|Any CPU
		Release|Any CPU = Release|Any CPU
	EndGlobalSection
	GlobalSection(ProjectConfigurationPlatforms) = postSolution
		{90C62320-49B9-421C-9BB7-F0B11D483DBD}.Debug|Any CPU.ActiveCfg = Debug|Any CPU
		{90C62320-49B9-421C-9BB7-F0B11D483DBD}.Debug|Any CPU.Build.0 = Debug|Any CPU
		{90C62320-49B9-421C-9BB7-F0B11D483DBD}.Release|Any CPU.ActiveCfg = Release|Any CPU
		{90C62320-49B9-421C-9BB7-F0B11D483DBD}.Release|Any CPU.Build.0 = Release|Any CPU
	EndGlobalSection
	GlobalSection(SolutionProperties) = preSolution
		HideSolutionNode = FALSE
	EndGlobalSection
	GlobalSection(ExtensibilityGlobals) = postSolution
		SolutionGuid = {3C09F49A-37B3-4978-B082-C0A6067D2B98}
	EndGlobalSection
EndGlobal
